
Microsoft Visual Studio Solution File, Format Version 12.00
Project("{FAE04EC0-301F-11D3-BF4B-00C04F79EFBC}") = "ScreenSound", "ScreenSound\ScreenSound.csproj", "{9C38D276-1097-4A0F-9578-360C6FDBEB7B}"
EndProject
Global
	GlobalSection(SolutionConfigurationPlatforms) = preSolution
		Debug|Any CPU = Debug|Any CPU
		Release|Any CPU = Release|Any CPU
	EndGlobalSection
	GlobalSection(ProjectConfigurationPlatforms) = postSolution
		{9C38D276-1097-4A0F-9578-360C6FDBEB7B}.Debug|Any CPU.ActiveCfg = Debug|Any CPU
		{9C38D276-1097-4A0F-9578-360C6FDBEB7B}.Debug|Any CPU.Build.0 = Debug|Any CPU
		{9C38D276-1097-4A0F-9578-360C6FDBEB7B}.Release|Any CPU.ActiveCfg = Release|Any CPU
		{9C38D276-1097-4A0F-9578-360C6FDBEB7B}.Release|Any CPU.Build.0 = Release|Any CPU
	EndGlobalSection
EndGlobal
